// !$*UTF8*$!
{
	archiveVersion = 1;
	classes = {
	};
	objectVersion = 46;
	objects = {

/* Begin PBXBuildFile section */
		840EFD8B1A0D727700C191A3 /* OrderDetailsViewController.m in Sources */ = {isa = PBXBuildFile; fileRef = 840EFD8A1A0D727700C191A3 /* OrderDetailsViewController.m */; };
		841DED261A0BF91300252215 /* profile.png in Resources */ = {isa = PBXBuildFile; fileRef = 841DED251A0BF91300252215 /* profile.png */; };
		844659251A0A3C6A00DD426C /* main.m in Sources */ = {isa = PBXBuildFile; fileRef = 844659241A0A3C6A00DD426C /* main.m */; };
		844659281A0A3C6A00DD426C /* AppDelegate.m in Sources */ = {isa = PBXBuildFile; fileRef = 844659271A0A3C6A00DD426C /* AppDelegate.m */; };
		8446592B1A0A3C6A00DD426C /* Food_Drlivery.xcdatamodeld in Sources */ = {isa = PBXBuildFile; fileRef = 844659291A0A3C6A00DD426C /* Food_Drlivery.xcdatamodeld */; };
		8446592E1A0A3C6A00DD426C /* ViewController.m in Sources */ = {isa = PBXBuildFile; fileRef = 8446592D1A0A3C6A00DD426C /* ViewController.m */; };
		844659311A0A3C6A00DD426C /* Main.storyboard in Resources */ = {isa = PBXBuildFile; fileRef = 8446592F1A0A3C6A00DD426C /* Main.storyboard */; };
		844659331A0A3C6A00DD426C /* Images.xcassets in Resources */ = {isa = PBXBuildFile; fileRef = 844659321A0A3C6A00DD426C /* Images.xcassets */; };
		8446593F1A0A3C6B00DD426C /* Food_DrliveryTests.m in Sources */ = {isa = PBXBuildFile; fileRef = 8446593E1A0A3C6B00DD426C /* Food_DrliveryTests.m */; };
		84A177451A0BD4D500EB4198 /* meal.png in Resources */ = {isa = PBXBuildFile; fileRef = 84A177431A0BD4D500EB4198 /* meal.png */; };
		84A177461A0BD4D500EB4198 /* order.png in Resources */ = {isa = PBXBuildFile; fileRef = 84A177441A0BD4D500EB4198 /* order.png */; };
		84A195A61A0A3F9E00A7207A /* CoreLocation.framework in Frameworks */ = {isa = PBXBuildFile; fileRef = 84A195A51A0A3F9E00A7207A /* CoreLocation.framework */; };
		84A195A81A0A3FE800A7207A /* Bolts.framework in Frameworks */ = {isa = PBXBuildFile; fileRef = 84A195A71A0A3FE800A7207A /* Bolts.framework */; };
		84A195AB1A0A3FFE00A7207A /* Parse.framework in Frameworks */ = {isa = PBXBuildFile; fileRef = 84A195A91A0A3FFE00A7207A /* Parse.framework */; };
		84A195AC1A0A3FFE00A7207A /* ParseFacebookUtils.framework in Frameworks */ = {isa = PBXBuildFile; fileRef = 84A195AA1A0A3FFE00A7207A /* ParseFacebookUtils.framework */; };
		84A195AE1A0A41AF00A7207A /* StoreKit.framework in Frameworks */ = {isa = PBXBuildFile; fileRef = 84A195AD1A0A41AF00A7207A /* StoreKit.framework */; };
		84A195B01A0A41BC00A7207A /* CoreGraphics.framework in Frameworks */ = {isa = PBXBuildFile; fileRef = 84A195AF1A0A41BC00A7207A /* CoreGraphics.framework */; };
		84A195B21A0A41D400A7207A /* libz.1.1.3.dylib in Frameworks */ = {isa = PBXBuildFile; fileRef = 84A195B11A0A41D400A7207A /* libz.1.1.3.dylib */; };
		84A195B41A0A41DB00A7207A /* AudioToolbox.framework in Frameworks */ = {isa = PBXBuildFile; fileRef = 84A195B31A0A41DB00A7207A /* AudioToolbox.framework */; };
		84A195B61A0A41E800A7207A /* QuartzCore.framework in Frameworks */ = {isa = PBXBuildFile; fileRef = 84A195B51A0A41E800A7207A /* QuartzCore.framework */; };
		84A195B81A0A41F900A7207A /* MobileCoreServices.framework in Frameworks */ = {isa = PBXBuildFile; fileRef = 84A195B71A0A41F900A7207A /* MobileCoreServices.framework */; };
		84A195BA1A0A421D00A7207A /* SystemConfiguration.framework in Frameworks */ = {isa = PBXBuildFile; fileRef = 84A195B91A0A421D00A7207A /* SystemConfiguration.framework */; };
		84A195BC1A0A422C00A7207A /* CFNetwork.framework in Frameworks */ = {isa = PBXBuildFile; fileRef = 84A195BB1A0A422C00A7207A /* CFNetwork.framework */; };
		84A195BE1A0A423800A7207A /* UIKit.framework in Frameworks */ = {isa = PBXBuildFile; fileRef = 84A195BD1A0A423800A7207A /* UIKit.framework */; };
		84A195C01A0A424600A7207A /* Foundation.framework in Frameworks */ = {isa = PBXBuildFile; fileRef = 84A195BF1A0A424600A7207A /* Foundation.framework */; };
		84A195C21A0A42B200A7207A /* Security.framework in Frameworks */ = {isa = PBXBuildFile; fileRef = 84A195C11A0A42B200A7207A /* Security.framework */; };
		84A361E51A0B7A140084B520 /* Kitchen.m in Sources */ = {isa = PBXBuildFile; fileRef = 84A361E21A0B7A140084B520 /* Kitchen.m */; };
		84A361E61A0B7A140084B520 /* Order.m in Sources */ = {isa = PBXBuildFile; fileRef = 84A361E41A0B7A140084B520 /* Order.m */; };
		84A361EE1A0B8BB10084B520 /* loginbg.jpg in Resources */ = {isa = PBXBuildFile; fileRef = 84A361EC1A0B8BB10084B520 /* loginbg.jpg */; };
		84A361EF1A0B8BB10084B520 /* signupbg.png in Resources */ = {isa = PBXBuildFile; fileRef = 84A361ED1A0B8BB10084B520 /* signupbg.png */; };
		84A361F31A0B8FE00084B520 /* Accounts.framework in Frameworks */ = {isa = PBXBuildFile; fileRef = 84A361F21A0B8FE00084B520 /* Accounts.framework */; };
		84A361F51A0B902E0084B520 /* FacebookSDK.framework in Frameworks */ = {isa = PBXBuildFile; fileRef = 84A361F41A0B902E0084B520 /* FacebookSDK.framework */; };
		84A361F71A0B90410084B520 /* libsqlite3.0.dylib in Frameworks */ = {isa = PBXBuildFile; fileRef = 84A361F61A0B90410084B520 /* libsqlite3.0.dylib */; };
		84A361F91A0B906D0084B520 /* Social.framework in Frameworks */ = {isa = PBXBuildFile; fileRef = 84A361F81A0B906D0084B520 /* Social.framework */; };
		84A361FB1A0B91890084B520 /* loginbg.png in Resources */ = {isa = PBXBuildFile; fileRef = 84A361FA1A0B91890084B520 /* loginbg.png */; };
		84A44B151A0CD3000002D8D6 /* MealDetailsViewController.m in Sources */ = {isa = PBXBuildFile; fileRef = 84A44B141A0CD3000002D8D6 /* MealDetailsViewController.m */; };
		84A56E351A0BDACA0056A3A5 /* MainTabBarViewController.m in Sources */ = {isa = PBXBuildFile; fileRef = 84A56E341A0BDACA0056A3A5 /* MainTabBarViewController.m */; };
		84A6DAB01A0AA4590015BABE /* Meal.m in Sources */ = {isa = PBXBuildFile; fileRef = 84A6DAAF1A0AA4590015BABE /* Meal.m */; };
		84ADBB4D1A0C2B4D00584A7F /* MealsViewController.m in Sources */ = {isa = PBXBuildFile; fileRef = 84ADBB4C1A0C2B4D00584A7F /* MealsViewController.m */; };
		84ADBB511A0C338B00584A7F /* MealTableViewCellController.m in Sources */ = {isa = PBXBuildFile; fileRef = 84ADBB4F1A0C338B00584A7F /* MealTableViewCellController.m */; };
		84ADBB521A0C338B00584A7F /* MealTableViewCell.xib in Resources */ = {isa = PBXBuildFile; fileRef = 84ADBB501A0C338B00584A7F /* MealTableViewCell.xib */; };
		84ADBB641A0C3AC700584A7F /* angry_birds_cake.jpg in Resources */ = {isa = PBXBuildFile; fileRef = 84ADBB541A0C3AC700584A7F /* angry_birds_cake.jpg */; };
		84ADBB651A0C3AC700584A7F /* creme_brelee.jpg in Resources */ = {isa = PBXBuildFile; fileRef = 84ADBB551A0C3AC700584A7F /* creme_brelee.jpg */; };
		84ADBB661A0C3AC700584A7F /* egg_benedict.jpg in Resources */ = {isa = PBXBuildFile; fileRef = 84ADBB561A0C3AC700584A7F /* egg_benedict.jpg */; };
		84ADBB671A0C3AC700584A7F /* full_breakfast.jpg in Resources */ = {isa = PBXBuildFile; fileRef = 84ADBB571A0C3AC700584A7F /* full_breakfast.jpg */; };
		84ADBB681A0C3AC700584A7F /* green_tea.jpg in Resources */ = {isa = PBXBuildFile; fileRef = 84ADBB581A0C3AC700584A7F /* green_tea.jpg */; };
		84ADBB691A0C3AC700584A7F /* ham_and_cheese_panini.jpg in Resources */ = {isa = PBXBuildFile; fileRef = 84ADBB591A0C3AC700584A7F /* ham_and_cheese_panini.jpg */; };
		84ADBB6A1A0C3AC700584A7F /* ham_and_egg_sandwich.jpg in Resources */ = {isa = PBXBuildFile; fileRef = 84ADBB5A1A0C3AC700584A7F /* ham_and_egg_sandwich.jpg */; };
		84ADBB6B1A0C3AC700584A7F /* hamburger.jpg in Resources */ = {isa = PBXBuildFile; fileRef = 84ADBB5B1A0C3AC700584A7F /* hamburger.jpg */; };
		84ADBB6C1A0C3AC700584A7F /* instant_noodle_with_egg.jpg in Resources */ = {isa = PBXBuildFile; fileRef = 84ADBB5C1A0C3AC700584A7F /* instant_noodle_with_egg.jpg */; };
		84ADBB6D1A0C3AC700584A7F /* japanese_noodle_with_pork.jpg in Resources */ = {isa = PBXBuildFile; fileRef = 84ADBB5D1A0C3AC700584A7F /* japanese_noodle_with_pork.jpg */; };
		84ADBB6E1A0C3AC700584A7F /* mushroom_risotto.jpg in Resources */ = {isa = PBXBuildFile; fileRef = 84ADBB5E1A0C3AC700584A7F /* mushroom_risotto.jpg */; };
		84ADBB6F1A0C3AC700584A7F /* noodle_with_bbq_pork.jpg in Resources */ = {isa = PBXBuildFile; fileRef = 84ADBB5F1A0C3AC700584A7F /* noodle_with_bbq_pork.jpg */; };
		84ADBB701A0C3AC700584A7F /* starbucks_coffee.jpg in Resources */ = {isa = PBXBuildFile; fileRef = 84ADBB601A0C3AC700584A7F /* starbucks_coffee.jpg */; };
		84ADBB711A0C3AC700584A7F /* thai_shrimp_cake.jpg in Resources */ = {isa = PBXBuildFile; fileRef = 84ADBB611A0C3AC700584A7F /* thai_shrimp_cake.jpg */; };
		84ADBB721A0C3AC700584A7F /* vegetable_curry.jpg in Resources */ = {isa = PBXBuildFile; fileRef = 84ADBB621A0C3AC700584A7F /* vegetable_curry.jpg */; };
		84ADBB731A0C3AC700584A7F /* white_chocolate_donut.jpg in Resources */ = {isa = PBXBuildFile; fileRef = 84ADBB631A0C3AC700584A7F /* white_chocolate_donut.jpg */; };
		84EB3F7C1A0D931000049476 /* emptyplate.jpg in Resources */ = {isa = PBXBuildFile; fileRef = 84EB3F7B1A0D931000049476 /* emptyplate.jpg */; };
		84F77AC51A0D7A61006DBE00 /* OrderDetailsTableViewCell.m in Sources */ = {isa = PBXBuildFile; fileRef = 84F77AC41A0D7A61006DBE00 /* OrderDetailsTableViewCell.m */; };
		B1D16DC51A0FFA700056C04A /* no_profile.png in Resources */ = {isa = PBXBuildFile; fileRef = B1D16DC41A0FFA6F0056C04A /* no_profile.png */; };
		B1DA0E2D1A0E985800D53944 /* CoreDataHelper.m in Sources */ = {isa = PBXBuildFile; fileRef = B1DA0E2C1A0E985800D53944 /* CoreDataHelper.m */; };
		B1DA0E301A0EA4EC00D53944 /* OrderMeal.m in Sources */ = {isa = PBXBuildFile; fileRef = B1DA0E2F1A0EA4EC00D53944 /* OrderMeal.m */; };
		CE7840C71A0ED6E2002449A4 /* EditProfileViewController.m in Sources */ = {isa = PBXBuildFile; fileRef = CE7840C61A0ED6E2002449A4 /* EditProfileViewController.m */; };
		CEDEDA411A0E45670098A613 /* ProfileViewController.m in Sources */ = {isa = PBXBuildFile; fileRef = CEDEDA401A0E45670098A613 /* ProfileViewController.m */; };
/* End PBXBuildFile section */

/* Begin PBXContainerItemProxy section */
		844659391A0A3C6B00DD426C /* PBXContainerItemProxy */ = {
			isa = PBXContainerItemProxy;
			containerPortal = 844659171A0A3C6A00DD426C /* Project object */;
			proxyType = 1;
			remoteGlobalIDString = 8446591E1A0A3C6A00DD426C;
			remoteInfo = "Food Drlivery";
		};
/* End PBXContainerItemProxy section */

/* Begin PBXFileReference section */
		840EFD891A0D727700C191A3 /* OrderDetailsViewController.h */ = {isa = PBXFileReference; fileEncoding = 4; lastKnownFileType = sourcecode.c.h; name = OrderDetailsViewController.h; path = Views/OrderDetailsViewController.h; sourceTree = "<group>"; };
		840EFD8A1A0D727700C191A3 /* OrderDetailsViewController.m */ = {isa = PBXFileReference; fileEncoding = 4; lastKnownFileType = sourcecode.c.objc; name = OrderDetailsViewController.m; path = Views/OrderDetailsViewController.m; sourceTree = "<group>"; };
		841DED251A0BF91300252215 /* profile.png */ = {isa = PBXFileReference; lastKnownFileType = image.png; name = profile.png; path = Images.xcassets/profile.png; sourceTree = "<group>"; };
		8446591F1A0A3C6A00DD426C /* Food Drlivery.app */ = {isa = PBXFileReference; explicitFileType = wrapper.application; includeInIndex = 0; path = "Food Drlivery.app"; sourceTree = BUILT_PRODUCTS_DIR; };
		844659231A0A3C6A00DD426C /* Info.plist */ = {isa = PBXFileReference; lastKnownFileType = text.plist.xml; path = Info.plist; sourceTree = "<group>"; };
		844659241A0A3C6A00DD426C /* main.m */ = {isa = PBXFileReference; lastKnownFileType = sourcecode.c.objc; path = main.m; sourceTree = "<group>"; };
		844659261A0A3C6A00DD426C /* AppDelegate.h */ = {isa = PBXFileReference; lastKnownFileType = sourcecode.c.h; path = AppDelegate.h; sourceTree = "<group>"; };
		844659271A0A3C6A00DD426C /* AppDelegate.m */ = {isa = PBXFileReference; lastKnownFileType = sourcecode.c.objc; path = AppDelegate.m; sourceTree = "<group>"; };
		8446592A1A0A3C6A00DD426C /* Food_Drlivery.xcdatamodel */ = {isa = PBXFileReference; lastKnownFileType = wrapper.xcdatamodel; path = Food_Drlivery.xcdatamodel; sourceTree = "<group>"; };
		8446592C1A0A3C6A00DD426C /* ViewController.h */ = {isa = PBXFileReference; lastKnownFileType = sourcecode.c.h; path = ViewController.h; sourceTree = "<group>"; };
		8446592D1A0A3C6A00DD426C /* ViewController.m */ = {isa = PBXFileReference; lastKnownFileType = sourcecode.c.objc; path = ViewController.m; sourceTree = "<group>"; };
		844659301A0A3C6A00DD426C /* Base */ = {isa = PBXFileReference; lastKnownFileType = file.storyboard; name = Base; path = Base.lproj/Main.storyboard; sourceTree = "<group>"; };
		844659321A0A3C6A00DD426C /* Images.xcassets */ = {isa = PBXFileReference; lastKnownFileType = folder.assetcatalog; path = Images.xcassets; sourceTree = "<group>"; };
		844659381A0A3C6B00DD426C /* Food DrliveryTests.xctest */ = {isa = PBXFileReference; explicitFileType = wrapper.cfbundle; includeInIndex = 0; path = "Food DrliveryTests.xctest"; sourceTree = BUILT_PRODUCTS_DIR; };
		8446593D1A0A3C6B00DD426C /* Info.plist */ = {isa = PBXFileReference; lastKnownFileType = text.plist.xml; path = Info.plist; sourceTree = "<group>"; };
		8446593E1A0A3C6B00DD426C /* Food_DrliveryTests.m */ = {isa = PBXFileReference; lastKnownFileType = sourcecode.c.objc; path = Food_DrliveryTests.m; sourceTree = "<group>"; };
		84A177431A0BD4D500EB4198 /* meal.png */ = {isa = PBXFileReference; lastKnownFileType = image.png; name = meal.png; path = Images.xcassets/meal.png; sourceTree = "<group>"; };
		84A177441A0BD4D500EB4198 /* order.png */ = {isa = PBXFileReference; lastKnownFileType = image.png; name = order.png; path = Images.xcassets/order.png; sourceTree = "<group>"; };
		84A195A51A0A3F9E00A7207A /* CoreLocation.framework */ = {isa = PBXFileReference; lastKnownFileType = wrapper.framework; name = CoreLocation.framework; path = System/Library/Frameworks/CoreLocation.framework; sourceTree = SDKROOT; };
		84A195A71A0A3FE800A7207A /* Bolts.framework */ = {isa = PBXFileReference; lastKnownFileType = wrapper.framework; name = Bolts.framework; path = Frameworks/Bolts.framework; sourceTree = "<group>"; };
		84A195A91A0A3FFE00A7207A /* Parse.framework */ = {isa = PBXFileReference; lastKnownFileType = wrapper.framework; name = Parse.framework; path = Frameworks/Parse.framework; sourceTree = "<group>"; };
		84A195AA1A0A3FFE00A7207A /* ParseFacebookUtils.framework */ = {isa = PBXFileReference; lastKnownFileType = wrapper.framework; name = ParseFacebookUtils.framework; path = Frameworks/ParseFacebookUtils.framework; sourceTree = "<group>"; };
		84A195AD1A0A41AF00A7207A /* StoreKit.framework */ = {isa = PBXFileReference; lastKnownFileType = wrapper.framework; name = StoreKit.framework; path = System/Library/Frameworks/StoreKit.framework; sourceTree = SDKROOT; };
		84A195AF1A0A41BC00A7207A /* CoreGraphics.framework */ = {isa = PBXFileReference; lastKnownFileType = wrapper.framework; name = CoreGraphics.framework; path = System/Library/Frameworks/CoreGraphics.framework; sourceTree = SDKROOT; };
		84A195B11A0A41D400A7207A /* libz.1.1.3.dylib */ = {isa = PBXFileReference; lastKnownFileType = "compiled.mach-o.dylib"; name = libz.1.1.3.dylib; path = usr/lib/libz.1.1.3.dylib; sourceTree = SDKROOT; };
		84A195B31A0A41DB00A7207A /* AudioToolbox.framework */ = {isa = PBXFileReference; lastKnownFileType = wrapper.framework; name = AudioToolbox.framework; path = System/Library/Frameworks/AudioToolbox.framework; sourceTree = SDKROOT; };
		84A195B51A0A41E800A7207A /* QuartzCore.framework */ = {isa = PBXFileReference; lastKnownFileType = wrapper.framework; name = QuartzCore.framework; path = System/Library/Frameworks/QuartzCore.framework; sourceTree = SDKROOT; };
		84A195B71A0A41F900A7207A /* MobileCoreServices.framework */ = {isa = PBXFileReference; lastKnownFileType = wrapper.framework; name = MobileCoreServices.framework; path = System/Library/Frameworks/MobileCoreServices.framework; sourceTree = SDKROOT; };
		84A195B91A0A421D00A7207A /* SystemConfiguration.framework */ = {isa = PBXFileReference; lastKnownFileType = wrapper.framework; name = SystemConfiguration.framework; path = System/Library/Frameworks/SystemConfiguration.framework; sourceTree = SDKROOT; };
		84A195BB1A0A422C00A7207A /* CFNetwork.framework */ = {isa = PBXFileReference; lastKnownFileType = wrapper.framework; name = CFNetwork.framework; path = System/Library/Frameworks/CFNetwork.framework; sourceTree = SDKROOT; };
		84A195BD1A0A423800A7207A /* UIKit.framework */ = {isa = PBXFileReference; lastKnownFileType = wrapper.framework; name = UIKit.framework; path = System/Library/Frameworks/UIKit.framework; sourceTree = SDKROOT; };
		84A195BF1A0A424600A7207A /* Foundation.framework */ = {isa = PBXFileReference; lastKnownFileType = wrapper.framework; name = Foundation.framework; path = System/Library/Frameworks/Foundation.framework; sourceTree = SDKROOT; };
		84A195C11A0A42B200A7207A /* Security.framework */ = {isa = PBXFileReference; lastKnownFileType = wrapper.framework; name = Security.framework; path = System/Library/Frameworks/Security.framework; sourceTree = SDKROOT; };
		84A361E11A0B7A140084B520 /* Kitchen.h */ = {isa = PBXFileReference; fileEncoding = 4; lastKnownFileType = sourcecode.c.h; name = Kitchen.h; path = Models/Kitchen.h; sourceTree = "<group>"; };
		84A361E21A0B7A140084B520 /* Kitchen.m */ = {isa = PBXFileReference; fileEncoding = 4; lastKnownFileType = sourcecode.c.objc; name = Kitchen.m; path = Models/Kitchen.m; sourceTree = "<group>"; };
		84A361E31A0B7A140084B520 /* Order.h */ = {isa = PBXFileReference; fileEncoding = 4; lastKnownFileType = sourcecode.c.h; name = Order.h; path = Models/Order.h; sourceTree = "<group>"; };
		84A361E41A0B7A140084B520 /* Order.m */ = {isa = PBXFileReference; fileEncoding = 4; lastKnownFileType = sourcecode.c.objc; name = Order.m; path = Models/Order.m; sourceTree = "<group>"; };
		84A361EC1A0B8BB10084B520 /* loginbg.jpg */ = {isa = PBXFileReference; lastKnownFileType = image.jpeg; name = loginbg.jpg; path = Images.xcassets/loginbg.jpg; sourceTree = "<group>"; };
		84A361ED1A0B8BB10084B520 /* signupbg.png */ = {isa = PBXFileReference; lastKnownFileType = image.png; name = signupbg.png; path = Images.xcassets/signupbg.png; sourceTree = "<group>"; };
		84A361F01A0B8FC70084B520 /* AddressBook.framework */ = {isa = PBXFileReference; lastKnownFileType = wrapper.framework; name = AddressBook.framework; path = System/Library/Frameworks/AddressBook.framework; sourceTree = SDKROOT; };
		84A361F21A0B8FE00084B520 /* Accounts.framework */ = {isa = PBXFileReference; lastKnownFileType = wrapper.framework; name = Accounts.framework; path = System/Library/Frameworks/Accounts.framework; sourceTree = SDKROOT; };
		84A361F41A0B902E0084B520 /* FacebookSDK.framework */ = {isa = PBXFileReference; lastKnownFileType = wrapper.framework; name = FacebookSDK.framework; path = Frameworks/FacebookSDK.framework; sourceTree = "<group>"; };
		84A361F61A0B90410084B520 /* libsqlite3.0.dylib */ = {isa = PBXFileReference; lastKnownFileType = "compiled.mach-o.dylib"; name = libsqlite3.0.dylib; path = usr/lib/libsqlite3.0.dylib; sourceTree = SDKROOT; };
		84A361F81A0B906D0084B520 /* Social.framework */ = {isa = PBXFileReference; lastKnownFileType = wrapper.framework; name = Social.framework; path = System/Library/Frameworks/Social.framework; sourceTree = SDKROOT; };
		84A361FA1A0B91890084B520 /* loginbg.png */ = {isa = PBXFileReference; lastKnownFileType = image.png; name = loginbg.png; path = Images.xcassets/loginbg.png; sourceTree = "<group>"; };
		84A44B131A0CD3000002D8D6 /* MealDetailsViewController.h */ = {isa = PBXFileReference; fileEncoding = 4; lastKnownFileType = sourcecode.c.h; name = MealDetailsViewController.h; path = Views/MealDetailsViewController.h; sourceTree = "<group>"; };
		84A44B141A0CD3000002D8D6 /* MealDetailsViewController.m */ = {isa = PBXFileReference; fileEncoding = 4; lastKnownFileType = sourcecode.c.objc; name = MealDetailsViewController.m; path = Views/MealDetailsViewController.m; sourceTree = "<group>"; };
		84A56E331A0BDACA0056A3A5 /* MainTabBarViewController.h */ = {isa = PBXFileReference; fileEncoding = 4; lastKnownFileType = sourcecode.c.h; path = MainTabBarViewController.h; sourceTree = "<group>"; };
		84A56E341A0BDACA0056A3A5 /* MainTabBarViewController.m */ = {isa = PBXFileReference; fileEncoding = 4; lastKnownFileType = sourcecode.c.objc; path = MainTabBarViewController.m; sourceTree = "<group>"; };
		84A6DAAE1A0AA4590015BABE /* Meal.h */ = {isa = PBXFileReference; fileEncoding = 4; lastKnownFileType = sourcecode.c.h; name = Meal.h; path = Models/Meal.h; sourceTree = "<group>"; };
		84A6DAAF1A0AA4590015BABE /* Meal.m */ = {isa = PBXFileReference; fileEncoding = 4; lastKnownFileType = sourcecode.c.objc; name = Meal.m; path = Models/Meal.m; sourceTree = "<group>"; };
		84ADBB4B1A0C2B4D00584A7F /* MealsViewController.h */ = {isa = PBXFileReference; fileEncoding = 4; lastKnownFileType = sourcecode.c.h; name = MealsViewController.h; path = Views/MealsViewController.h; sourceTree = "<group>"; };
		84ADBB4C1A0C2B4D00584A7F /* MealsViewController.m */ = {isa = PBXFileReference; fileEncoding = 4; lastKnownFileType = sourcecode.c.objc; name = MealsViewController.m; path = Views/MealsViewController.m; sourceTree = "<group>"; };
		84ADBB4E1A0C338B00584A7F /* MealTableViewCellController.h */ = {isa = PBXFileReference; fileEncoding = 4; lastKnownFileType = sourcecode.c.h; name = MealTableViewCellController.h; path = Views/MealTableViewCellController.h; sourceTree = "<group>"; };
		84ADBB4F1A0C338B00584A7F /* MealTableViewCellController.m */ = {isa = PBXFileReference; fileEncoding = 4; lastKnownFileType = sourcecode.c.objc; name = MealTableViewCellController.m; path = Views/MealTableViewCellController.m; sourceTree = "<group>"; };
		84ADBB501A0C338B00584A7F /* MealTableViewCell.xib */ = {isa = PBXFileReference; fileEncoding = 4; lastKnownFileType = file.xib; name = MealTableViewCell.xib; path = Views/MealTableViewCell.xib; sourceTree = "<group>"; };
		84ADBB541A0C3AC700584A7F /* angry_birds_cake.jpg */ = {isa = PBXFileReference; lastKnownFileType = image.jpeg; path = angry_birds_cake.jpg; sourceTree = "<group>"; };
		84ADBB551A0C3AC700584A7F /* creme_brelee.jpg */ = {isa = PBXFileReference; lastKnownFileType = image.jpeg; path = creme_brelee.jpg; sourceTree = "<group>"; };
		84ADBB561A0C3AC700584A7F /* egg_benedict.jpg */ = {isa = PBXFileReference; lastKnownFileType = image.jpeg; path = egg_benedict.jpg; sourceTree = "<group>"; };
		84ADBB571A0C3AC700584A7F /* full_breakfast.jpg */ = {isa = PBXFileReference; lastKnownFileType = image.jpeg; path = full_breakfast.jpg; sourceTree = "<group>"; };
		84ADBB581A0C3AC700584A7F /* green_tea.jpg */ = {isa = PBXFileReference; lastKnownFileType = image.jpeg; path = green_tea.jpg; sourceTree = "<group>"; };
		84ADBB591A0C3AC700584A7F /* ham_and_cheese_panini.jpg */ = {isa = PBXFileReference; lastKnownFileType = image.jpeg; path = ham_and_cheese_panini.jpg; sourceTree = "<group>"; };
		84ADBB5A1A0C3AC700584A7F /* ham_and_egg_sandwich.jpg */ = {isa = PBXFileReference; lastKnownFileType = image.jpeg; path = ham_and_egg_sandwich.jpg; sourceTree = "<group>"; };
		84ADBB5B1A0C3AC700584A7F /* hamburger.jpg */ = {isa = PBXFileReference; lastKnownFileType = image.jpeg; path = hamburger.jpg; sourceTree = "<group>"; };
		84ADBB5C1A0C3AC700584A7F /* instant_noodle_with_egg.jpg */ = {isa = PBXFileReference; lastKnownFileType = image.jpeg; path = instant_noodle_with_egg.jpg; sourceTree = "<group>"; };
		84ADBB5D1A0C3AC700584A7F /* japanese_noodle_with_pork.jpg */ = {isa = PBXFileReference; lastKnownFileType = image.jpeg; path = japanese_noodle_with_pork.jpg; sourceTree = "<group>"; };
		84ADBB5E1A0C3AC700584A7F /* mushroom_risotto.jpg */ = {isa = PBXFileReference; lastKnownFileType = image.jpeg; path = mushroom_risotto.jpg; sourceTree = "<group>"; };
		84ADBB5F1A0C3AC700584A7F /* noodle_with_bbq_pork.jpg */ = {isa = PBXFileReference; lastKnownFileType = image.jpeg; path = noodle_with_bbq_pork.jpg; sourceTree = "<group>"; };
		84ADBB601A0C3AC700584A7F /* starbucks_coffee.jpg */ = {isa = PBXFileReference; lastKnownFileType = image.jpeg; path = starbucks_coffee.jpg; sourceTree = "<group>"; };
		84ADBB611A0C3AC700584A7F /* thai_shrimp_cake.jpg */ = {isa = PBXFileReference; lastKnownFileType = image.jpeg; path = thai_shrimp_cake.jpg; sourceTree = "<group>"; };
		84ADBB621A0C3AC700584A7F /* vegetable_curry.jpg */ = {isa = PBXFileReference; lastKnownFileType = image.jpeg; path = vegetable_curry.jpg; sourceTree = "<group>"; };
		84ADBB631A0C3AC700584A7F /* white_chocolate_donut.jpg */ = {isa = PBXFileReference; lastKnownFileType = image.jpeg; path = white_chocolate_donut.jpg; sourceTree = "<group>"; };
		84EB3F7B1A0D931000049476 /* emptyplate.jpg */ = {isa = PBXFileReference; lastKnownFileType = image.jpeg; name = emptyplate.jpg; path = Images.xcassets/emptyplate.jpg; sourceTree = "<group>"; };
		84F77AC31A0D7A61006DBE00 /* OrderDetailsTableViewCell.h */ = {isa = PBXFileReference; fileEncoding = 4; lastKnownFileType = sourcecode.c.h; name = OrderDetailsTableViewCell.h; path = Views/OrderDetailsTableViewCell.h; sourceTree = "<group>"; };
		84F77AC41A0D7A61006DBE00 /* OrderDetailsTableViewCell.m */ = {isa = PBXFileReference; fileEncoding = 4; lastKnownFileType = sourcecode.c.objc; name = OrderDetailsTableViewCell.m; path = Views/OrderDetailsTableViewCell.m; sourceTree = "<group>"; };
		B1D16DC41A0FFA6F0056C04A /* no_profile.png */ = {isa = PBXFileReference; lastKnownFileType = image.png; name = no_profile.png; path = Images.xcassets/no_profile.png; sourceTree = "<group>"; };
		B1DA0E2B1A0E985800D53944 /* CoreDataHelper.h */ = {isa = PBXFileReference; fileEncoding = 4; lastKnownFileType = sourcecode.c.h; name = CoreDataHelper.h; path = CoreData/CoreDataHelper.h; sourceTree = "<group>"; };
		B1DA0E2C1A0E985800D53944 /* CoreDataHelper.m */ = {isa = PBXFileReference; fileEncoding = 4; lastKnownFileType = sourcecode.c.objc; name = CoreDataHelper.m; path = CoreData/CoreDataHelper.m; sourceTree = "<group>"; };
		B1DA0E2E1A0EA4EC00D53944 /* OrderMeal.h */ = {isa = PBXFileReference; fileEncoding = 4; lastKnownFileType = sourcecode.c.h; name = OrderMeal.h; path = CoreData/OrderMeal.h; sourceTree = "<group>"; };
		B1DA0E2F1A0EA4EC00D53944 /* OrderMeal.m */ = {isa = PBXFileReference; fileEncoding = 4; lastKnownFileType = sourcecode.c.objc; name = OrderMeal.m; path = CoreData/OrderMeal.m; sourceTree = "<group>"; };
		CE7840C51A0ED6E2002449A4 /* EditProfileViewController.h */ = {isa = PBXFileReference; fileEncoding = 4; lastKnownFileType = sourcecode.c.h; path = EditProfileViewController.h; sourceTree = "<group>"; };
		CE7840C61A0ED6E2002449A4 /* EditProfileViewController.m */ = {isa = PBXFileReference; fileEncoding = 4; lastKnownFileType = sourcecode.c.objc; path = EditProfileViewController.m; sourceTree = "<group>"; };
		CEDEDA3F1A0E45670098A613 /* ProfileViewController.h */ = {isa = PBXFileReference; fileEncoding = 4; lastKnownFileType = sourcecode.c.h; path = ProfileViewController.h; sourceTree = "<group>"; };
		CEDEDA401A0E45670098A613 /* ProfileViewController.m */ = {isa = PBXFileReference; fileEncoding = 4; lastKnownFileType = sourcecode.c.objc; path = ProfileViewController.m; sourceTree = "<group>"; };
/* End PBXFileReference section */

/* Begin PBXFrameworksBuildPhase section */
		8446591C1A0A3C6A00DD426C /* Frameworks */ = {
			isa = PBXFrameworksBuildPhase;
			buildActionMask = 2147483647;
			files = (
				84A361F91A0B906D0084B520 /* Social.framework in Frameworks */,
				84A195C21A0A42B200A7207A /* Security.framework in Frameworks */,
				84A361F71A0B90410084B520 /* libsqlite3.0.dylib in Frameworks */,
				84A361F51A0B902E0084B520 /* FacebookSDK.framework in Frameworks */,
				84A361F31A0B8FE00084B520 /* Accounts.framework in Frameworks */,
				84A195A61A0A3F9E00A7207A /* CoreLocation.framework in Frameworks */,
				84A195AE1A0A41AF00A7207A /* StoreKit.framework in Frameworks */,
				84A195B01A0A41BC00A7207A /* CoreGraphics.framework in Frameworks */,
				84A195B61A0A41E800A7207A /* QuartzCore.framework in Frameworks */,
				84A195B21A0A41D400A7207A /* libz.1.1.3.dylib in Frameworks */,
				84A195B41A0A41DB00A7207A /* AudioToolbox.framework in Frameworks */,
				84A195B81A0A41F900A7207A /* MobileCoreServices.framework in Frameworks */,
				84A195AC1A0A3FFE00A7207A /* ParseFacebookUtils.framework in Frameworks */,
				84A195BA1A0A421D00A7207A /* SystemConfiguration.framework in Frameworks */,
				84A195BC1A0A422C00A7207A /* CFNetwork.framework in Frameworks */,
				84A195AB1A0A3FFE00A7207A /* Parse.framework in Frameworks */,
				84A195BE1A0A423800A7207A /* UIKit.framework in Frameworks */,
				84A195C01A0A424600A7207A /* Foundation.framework in Frameworks */,
				84A195A81A0A3FE800A7207A /* Bolts.framework in Frameworks */,
			);
			runOnlyForDeploymentPostprocessing = 0;
		};
		844659351A0A3C6B00DD426C /* Frameworks */ = {
			isa = PBXFrameworksBuildPhase;
			buildActionMask = 2147483647;
			files = (
			);
			runOnlyForDeploymentPostprocessing = 0;
		};
/* End PBXFrameworksBuildPhase section */

/* Begin PBXGroup section */
		844659161A0A3C6A00DD426C = {
			isa = PBXGroup;
			children = (
				84A195A41A0A3F0D00A7207A /* Frameworks */,
				844659211A0A3C6A00DD426C /* Food Drlivery */,
				8446593B1A0A3C6B00DD426C /* Food DrliveryTests */,
				844659201A0A3C6A00DD426C /* Products */,
			);
			sourceTree = "<group>";
		};
		844659201A0A3C6A00DD426C /* Products */ = {
			isa = PBXGroup;
			children = (
				8446591F1A0A3C6A00DD426C /* Food Drlivery.app */,
				844659381A0A3C6B00DD426C /* Food DrliveryTests.xctest */,
			);
			name = Products;
			sourceTree = "<group>";
		};
		844659211A0A3C6A00DD426C /* Food Drlivery */ = {
			isa = PBXGroup;
			children = (
				B1DA0E271A0E94D900D53944 /* CoreData */,
				84A56E331A0BDACA0056A3A5 /* MainTabBarViewController.h */,
				84A56E341A0BDACA0056A3A5 /* MainTabBarViewController.m */,
				84A361E71A0B7F0C0084B520 /* Views */,
				84A195C31A0A9F0600A7207A /* Models */,
				844659261A0A3C6A00DD426C /* AppDelegate.h */,
				844659271A0A3C6A00DD426C /* AppDelegate.m */,
				8446592C1A0A3C6A00DD426C /* ViewController.h */,
				8446592D1A0A3C6A00DD426C /* ViewController.m */,
				8446592F1A0A3C6A00DD426C /* Main.storyboard */,
				844659321A0A3C6A00DD426C /* Images.xcassets */,
				844659291A0A3C6A00DD426C /* Food_Drlivery.xcdatamodeld */,
				844659221A0A3C6A00DD426C /* Supporting Files */,
			);
			path = "Food Drlivery";
			sourceTree = "<group>";
		};
		844659221A0A3C6A00DD426C /* Supporting Files */ = {
			isa = PBXGroup;
			children = (
				B1D16DC41A0FFA6F0056C04A /* no_profile.png */,
				84EB3F7B1A0D931000049476 /* emptyplate.jpg */,
				84ADBB531A0C3AC700584A7F /* samples */,
				841DED251A0BF91300252215 /* profile.png */,
				84A177431A0BD4D500EB4198 /* meal.png */,
				84A177441A0BD4D500EB4198 /* order.png */,
				84A361FA1A0B91890084B520 /* loginbg.png */,
				84A361EC1A0B8BB10084B520 /* loginbg.jpg */,
				84A361ED1A0B8BB10084B520 /* signupbg.png */,
				844659231A0A3C6A00DD426C /* Info.plist */,
				844659241A0A3C6A00DD426C /* main.m */,
			);
			name = "Supporting Files";
			sourceTree = "<group>";
		};
		8446593B1A0A3C6B00DD426C /* Food DrliveryTests */ = {
			isa = PBXGroup;
			children = (
				8446593E1A0A3C6B00DD426C /* Food_DrliveryTests.m */,
				8446593C1A0A3C6B00DD426C /* Supporting Files */,
			);
			path = "Food DrliveryTests";
			sourceTree = "<group>";
		};
		8446593C1A0A3C6B00DD426C /* Supporting Files */ = {
			isa = PBXGroup;
			children = (
				8446593D1A0A3C6B00DD426C /* Info.plist */,
			);
			name = "Supporting Files";
			sourceTree = "<group>";
		};
		84A195A41A0A3F0D00A7207A /* Frameworks */ = {
			isa = PBXGroup;
			children = (
				84A361F81A0B906D0084B520 /* Social.framework */,
				84A361F61A0B90410084B520 /* libsqlite3.0.dylib */,
				84A361F41A0B902E0084B520 /* FacebookSDK.framework */,
				84A361F21A0B8FE00084B520 /* Accounts.framework */,
				84A361F01A0B8FC70084B520 /* AddressBook.framework */,
				84A195B31A0A41DB00A7207A /* AudioToolbox.framework */,
				84A195A71A0A3FE800A7207A /* Bolts.framework */,
				84A195BB1A0A422C00A7207A /* CFNetwork.framework */,
				84A195AF1A0A41BC00A7207A /* CoreGraphics.framework */,
				84A195A51A0A3F9E00A7207A /* CoreLocation.framework */,
				84A195BF1A0A424600A7207A /* Foundation.framework */,
				84A195B11A0A41D400A7207A /* libz.1.1.3.dylib */,
				84A195B71A0A41F900A7207A /* MobileCoreServices.framework */,
				84A195A91A0A3FFE00A7207A /* Parse.framework */,
				84A195AA1A0A3FFE00A7207A /* ParseFacebookUtils.framework */,
				84A195B51A0A41E800A7207A /* QuartzCore.framework */,
				84A195C11A0A42B200A7207A /* Security.framework */,
				84A195AD1A0A41AF00A7207A /* StoreKit.framework */,
				84A195B91A0A421D00A7207A /* SystemConfiguration.framework */,
				84A195BD1A0A423800A7207A /* UIKit.framework */,
			);
			name = Frameworks;
			sourceTree = "<group>";
		};
		84A195C31A0A9F0600A7207A /* Models */ = {
			isa = PBXGroup;
			children = (
				84A361E11A0B7A140084B520 /* Kitchen.h */,
				84A361E21A0B7A140084B520 /* Kitchen.m */,
				84A361E31A0B7A140084B520 /* Order.h */,
				84A361E41A0B7A140084B520 /* Order.m */,
				84A6DAAE1A0AA4590015BABE /* Meal.h */,
				84A6DAAF1A0AA4590015BABE /* Meal.m */,
			);
			name = Models;
			sourceTree = "<group>";
		};
		84A361E71A0B7F0C0084B520 /* Views */ = {
			isa = PBXGroup;
			children = (
				84F77AC31A0D7A61006DBE00 /* OrderDetailsTableViewCell.h */,
				84F77AC41A0D7A61006DBE00 /* OrderDetailsTableViewCell.m */,
				840EFD891A0D727700C191A3 /* OrderDetailsViewController.h */,
				840EFD8A1A0D727700C191A3 /* OrderDetailsViewController.m */,
				84A44B131A0CD3000002D8D6 /* MealDetailsViewController.h */,
				84A44B141A0CD3000002D8D6 /* MealDetailsViewController.m */,
				84ADBB4B1A0C2B4D00584A7F /* MealsViewController.h */,
				84ADBB4C1A0C2B4D00584A7F /* MealsViewController.m */,
				84ADBB4E1A0C338B00584A7F /* MealTableViewCellController.h */,
				84ADBB4F1A0C338B00584A7F /* MealTableViewCellController.m */,
				84ADBB501A0C338B00584A7F /* MealTableViewCell.xib */,
				CEDEDA3F1A0E45670098A613 /* ProfileViewController.h */,
				CEDEDA401A0E45670098A613 /* ProfileViewController.m */,
				CE7840C51A0ED6E2002449A4 /* EditProfileViewController.h */,
				CE7840C61A0ED6E2002449A4 /* EditProfileViewController.m */,
			);
			name = Views;
			sourceTree = "<group>";
		};
		84ADBB531A0C3AC700584A7F /* samples */ = {
			isa = PBXGroup;
			children = (
				84ADBB541A0C3AC700584A7F /* angry_birds_cake.jpg */,
				84ADBB551A0C3AC700584A7F /* creme_brelee.jpg */,
				84ADBB561A0C3AC700584A7F /* egg_benedict.jpg */,
				84ADBB571A0C3AC700584A7F /* full_breakfast.jpg */,
				84ADBB581A0C3AC700584A7F /* green_tea.jpg */,
				84ADBB591A0C3AC700584A7F /* ham_and_cheese_panini.jpg */,
				84ADBB5A1A0C3AC700584A7F /* ham_and_egg_sandwich.jpg */,
				84ADBB5B1A0C3AC700584A7F /* hamburger.jpg */,
				84ADBB5C1A0C3AC700584A7F /* instant_noodle_with_egg.jpg */,
				84ADBB5D1A0C3AC700584A7F /* japanese_noodle_with_pork.jpg */,
				84ADBB5E1A0C3AC700584A7F /* mushroom_risotto.jpg */,
				84ADBB5F1A0C3AC700584A7F /* noodle_with_bbq_pork.jpg */,
				84ADBB601A0C3AC700584A7F /* starbucks_coffee.jpg */,
				84ADBB611A0C3AC700584A7F /* thai_shrimp_cake.jpg */,
				84ADBB621A0C3AC700584A7F /* vegetable_curry.jpg */,
				84ADBB631A0C3AC700584A7F /* white_chocolate_donut.jpg */,
			);
			name = samples;
			path = Images.xcassets/samples;
			sourceTree = "<group>";
		};
		B1DA0E271A0E94D900D53944 /* CoreData */ = {
			isa = PBXGroup;
			children = (
				B1DA0E2B1A0E985800D53944 /* CoreDataHelper.h */,
				B1DA0E2C1A0E985800D53944 /* CoreDataHelper.m */,
				B1DA0E2E1A0EA4EC00D53944 /* OrderMeal.h */,
				B1DA0E2F1A0EA4EC00D53944 /* OrderMeal.m */,
			);
			name = CoreData;
			sourceTree = "<group>";
		};
/* End PBXGroup section */

/* Begin PBXNativeTarget section */
		8446591E1A0A3C6A00DD426C /* Food Drlivery */ = {
			isa = PBXNativeTarget;
			buildConfigurationList = 844659421A0A3C6B00DD426C /* Build configuration list for PBXNativeTarget "Food Drlivery" */;
			buildPhases = (
				8446591B1A0A3C6A00DD426C /* Sources */,
				8446591C1A0A3C6A00DD426C /* Frameworks */,
				8446591D1A0A3C6A00DD426C /* Resources */,
			);
			buildRules = (
			);
			dependencies = (
			);
			name = "Food Drlivery";
			productName = "Food Drlivery";
			productReference = 8446591F1A0A3C6A00DD426C /* Food Drlivery.app */;
			productType = "com.apple.product-type.application";
		};
		844659371A0A3C6B00DD426C /* Food DrliveryTests */ = {
			isa = PBXNativeTarget;
			buildConfigurationList = 844659451A0A3C6B00DD426C /* Build configuration list for PBXNativeTarget "Food DrliveryTests" */;
			buildPhases = (
				844659341A0A3C6B00DD426C /* Sources */,
				844659351A0A3C6B00DD426C /* Frameworks */,
				844659361A0A3C6B00DD426C /* Resources */,
			);
			buildRules = (
			);
			dependencies = (
				8446593A1A0A3C6B00DD426C /* PBXTargetDependency */,
			);
			name = "Food DrliveryTests";
			productName = "Food DrliveryTests";
			productReference = 844659381A0A3C6B00DD426C /* Food DrliveryTests.xctest */;
			productType = "com.apple.product-type.bundle.unit-test";
		};
/* End PBXNativeTarget section */

/* Begin PBXProject section */
		844659171A0A3C6A00DD426C /* Project object */ = {
			isa = PBXProject;
			attributes = {
				LastUpgradeCheck = 0600;
				ORGANIZATIONNAME = "Borislav Boyadzhiev";
				TargetAttributes = {
					8446591E1A0A3C6A00DD426C = {
						CreatedOnToolsVersion = 6.0;
					};
					844659371A0A3C6B00DD426C = {
						CreatedOnToolsVersion = 6.0;
						TestTargetID = 8446591E1A0A3C6A00DD426C;
					};
				};
			};
			buildConfigurationList = 8446591A1A0A3C6A00DD426C /* Build configuration list for PBXProject "Food Drlivery" */;
			compatibilityVersion = "Xcode 3.2";
			developmentRegion = English;
			hasScannedForEncodings = 0;
			knownRegions = (
				en,
				Base,
			);
			mainGroup = 844659161A0A3C6A00DD426C;
			productRefGroup = 844659201A0A3C6A00DD426C /* Products */;
			projectDirPath = "";
			projectRoot = "";
			targets = (
				8446591E1A0A3C6A00DD426C /* Food Drlivery */,
				844659371A0A3C6B00DD426C /* Food DrliveryTests */,
			);
		};
/* End PBXProject section */

/* Begin PBXResourcesBuildPhase section */
		8446591D1A0A3C6A00DD426C /* Resources */ = {
			isa = PBXResourcesBuildPhase;
			buildActionMask = 2147483647;
			files = (
				B1D16DC51A0FFA700056C04A /* no_profile.png in Resources */,
				84ADBB701A0C3AC700584A7F /* starbucks_coffee.jpg in Resources */,
				84ADBB691A0C3AC700584A7F /* ham_and_cheese_panini.jpg in Resources */,
				84ADBB711A0C3AC700584A7F /* thai_shrimp_cake.jpg in Resources */,
				84ADBB731A0C3AC700584A7F /* white_chocolate_donut.jpg in Resources */,
				84ADBB6A1A0C3AC700584A7F /* ham_and_egg_sandwich.jpg in Resources */,
				84ADBB681A0C3AC700584A7F /* green_tea.jpg in Resources */,
				84ADBB641A0C3AC700584A7F /* angry_birds_cake.jpg in Resources */,
				84ADBB6C1A0C3AC700584A7F /* instant_noodle_with_egg.jpg in Resources */,
				84A361EF1A0B8BB10084B520 /* signupbg.png in Resources */,
				84A361EE1A0B8BB10084B520 /* loginbg.jpg in Resources */,
				84EB3F7C1A0D931000049476 /* emptyplate.jpg in Resources */,
				84ADBB521A0C338B00584A7F /* MealTableViewCell.xib in Resources */,
				84A177451A0BD4D500EB4198 /* meal.png in Resources */,
				84ADBB6F1A0C3AC700584A7F /* noodle_with_bbq_pork.jpg in Resources */,
				84ADBB671A0C3AC700584A7F /* full_breakfast.jpg in Resources */,
				84A361FB1A0B91890084B520 /* loginbg.png in Resources */,
				84ADBB6B1A0C3AC700584A7F /* hamburger.jpg in Resources */,
				84ADBB6E1A0C3AC700584A7F /* mushroom_risotto.jpg in Resources */,
				844659311A0A3C6A00DD426C /* Main.storyboard in Resources */,
				844659331A0A3C6A00DD426C /* Images.xcassets in Resources */,
				84A177461A0BD4D500EB4198 /* order.png in Resources */,
				841DED261A0BF91300252215 /* profile.png in Resources */,
				84ADBB6D1A0C3AC700584A7F /* japanese_noodle_with_pork.jpg in Resources */,
				84ADBB721A0C3AC700584A7F /* vegetable_curry.jpg in Resources */,
				84ADBB651A0C3AC700584A7F /* creme_brelee.jpg in Resources */,
				84ADBB661A0C3AC700584A7F /* egg_benedict.jpg in Resources */,
			);
			runOnlyForDeploymentPostprocessing = 0;
		};
		844659361A0A3C6B00DD426C /* Resources */ = {
			isa = PBXResourcesBuildPhase;
			buildActionMask = 2147483647;
			files = (
			);
			runOnlyForDeploymentPostprocessing = 0;
		};
/* End PBXResourcesBuildPhase section */

/* Begin PBXSourcesBuildPhase section */
		8446591B1A0A3C6A00DD426C /* Sources */ = {
			isa = PBXSourcesBuildPhase;
			buildActionMask = 2147483647;
			files = (
				840EFD8B1A0D727700C191A3 /* OrderDetailsViewController.m in Sources */,
				84ADBB511A0C338B00584A7F /* MealTableViewCellController.m in Sources */,
				CE7840C71A0ED6E2002449A4 /* EditProfileViewController.m in Sources */,
				84A6DAB01A0AA4590015BABE /* Meal.m in Sources */,
				8446592B1A0A3C6A00DD426C /* Food_Drlivery.xcdatamodeld in Sources */,
				CEDEDA411A0E45670098A613 /* ProfileViewController.m in Sources */,
				84A361E51A0B7A140084B520 /* Kitchen.m in Sources */,
				84ADBB4D1A0C2B4D00584A7F /* MealsViewController.m in Sources */,
				84A56E351A0BDACA0056A3A5 /* MainTabBarViewController.m in Sources */,
				B1DA0E301A0EA4EC00D53944 /* OrderMeal.m in Sources */,
				844659281A0A3C6A00DD426C /* AppDelegate.m in Sources */,
				84A361E61A0B7A140084B520 /* Order.m in Sources */,
				8446592E1A0A3C6A00DD426C /* ViewController.m in Sources */,
				844659251A0A3C6A00DD426C /* main.m in Sources */,
				84F77AC51A0D7A61006DBE00 /* OrderDetailsTableViewCell.m in Sources */,
				84A44B151A0CD3000002D8D6 /* MealDetailsViewController.m in Sources */,
				B1DA0E2D1A0E985800D53944 /* CoreDataHelper.m in Sources */,
			);
			runOnlyForDeploymentPostprocessing = 0;
		};
		844659341A0A3C6B00DD426C /* Sources */ = {
			isa = PBXSourcesBuildPhase;
			buildActionMask = 2147483647;
			files = (
				8446593F1A0A3C6B00DD426C /* Food_DrliveryTests.m in Sources */,
			);
			runOnlyForDeploymentPostprocessing = 0;
		};
/* End PBXSourcesBuildPhase section */

/* Begin PBXTargetDependency section */
		8446593A1A0A3C6B00DD426C /* PBXTargetDependency */ = {
			isa = PBXTargetDependency;
			target = 8446591E1A0A3C6A00DD426C /* Food Drlivery */;
			targetProxy = 844659391A0A3C6B00DD426C /* PBXContainerItemProxy */;
		};
/* End PBXTargetDependency section */

/* Begin PBXVariantGroup section */
		8446592F1A0A3C6A00DD426C /* Main.storyboard */ = {
			isa = PBXVariantGroup;
			children = (
				844659301A0A3C6A00DD426C /* Base */,
			);
			name = Main.storyboard;
			sourceTree = "<group>";
		};
/* End PBXVariantGroup section */

/* Begin XCBuildConfiguration section */
		844659401A0A3C6B00DD426C /* Debug */ = {
			isa = XCBuildConfiguration;
			buildSettings = {
				ALWAYS_SEARCH_USER_PATHS = NO;
				CLANG_CXX_LANGUAGE_STANDARD = "gnu++0x";
				CLANG_CXX_LIBRARY = "libc++";
				CLANG_ENABLE_MODULES = YES;
				CLANG_ENABLE_OBJC_ARC = YES;
				CLANG_WARN_BOOL_CONVERSION = YES;
				CLANG_WARN_CONSTANT_CONVERSION = YES;
				CLANG_WARN_DIRECT_OBJC_ISA_USAGE = YES_ERROR;
				CLANG_WARN_EMPTY_BODY = YES;
				CLANG_WARN_ENUM_CONVERSION = YES;
				CLANG_WARN_INT_CONVERSION = YES;
				CLANG_WARN_OBJC_ROOT_CLASS = YES_ERROR;
				CLANG_WARN_UNREACHABLE_CODE = YES;
				CLANG_WARN__DUPLICATE_METHOD_MATCH = YES;
				"CODE_SIGN_IDENTITY[sdk=iphoneos*]" = "iPhone Developer";
				COPY_PHASE_STRIP = NO;
				ENABLE_STRICT_OBJC_MSGSEND = YES;
				GCC_C_LANGUAGE_STANDARD = gnu99;
				GCC_DYNAMIC_NO_PIC = NO;
				GCC_OPTIMIZATION_LEVEL = 0;
				GCC_PREPROCESSOR_DEFINITIONS = (
					"DEBUG=1",
					"$(inherited)",
				);
				GCC_SYMBOLS_PRIVATE_EXTERN = NO;
				GCC_WARN_64_TO_32_BIT_CONVERSION = YES;
				GCC_WARN_ABOUT_RETURN_TYPE = YES_ERROR;
				GCC_WARN_UNDECLARED_SELECTOR = YES;
				GCC_WARN_UNINITIALIZED_AUTOS = YES_AGGRESSIVE;
				GCC_WARN_UNUSED_FUNCTION = YES;
				GCC_WARN_UNUSED_VARIABLE = YES;
				IPHONEOS_DEPLOYMENT_TARGET = 8.0;
				METAL_ENABLE_DEBUG_INFO = YES;
				ONLY_ACTIVE_ARCH = YES;
				SDKROOT = iphoneos;
				TARGETED_DEVICE_FAMILY = "1,2";
			};
			name = Debug;
		};
		844659411A0A3C6B00DD426C /* Release */ = {
			isa = XCBuildConfiguration;
			buildSettings = {
				ALWAYS_SEARCH_USER_PATHS = NO;
				CLANG_CXX_LANGUAGE_STANDARD = "gnu++0x";
				CLANG_CXX_LIBRARY = "libc++";
				CLANG_ENABLE_MODULES = YES;
				CLANG_ENABLE_OBJC_ARC = YES;
				CLANG_WARN_BOOL_CONVERSION = YES;
				CLANG_WARN_CONSTANT_CONVERSION = YES;
				CLANG_WARN_DIRECT_OBJC_ISA_USAGE = YES_ERROR;
				CLANG_WARN_EMPTY_BODY = YES;
				CLANG_WARN_ENUM_CONVERSION = YES;
				CLANG_WARN_INT_CONVERSION = YES;
				CLANG_WARN_OBJC_ROOT_CLASS = YES_ERROR;
				CLANG_WARN_UNREACHABLE_CODE = YES;
				CLANG_WARN__DUPLICATE_METHOD_MATCH = YES;
				"CODE_SIGN_IDENTITY[sdk=iphoneos*]" = "iPhone Developer";
				COPY_PHASE_STRIP = YES;
				ENABLE_NS_ASSERTIONS = NO;
				ENABLE_STRICT_OBJC_MSGSEND = YES;
				GCC_C_LANGUAGE_STANDARD = gnu99;
				GCC_WARN_64_TO_32_BIT_CONVERSION = YES;
				GCC_WARN_ABOUT_RETURN_TYPE = YES_ERROR;
				GCC_WARN_UNDECLARED_SELECTOR = YES;
				GCC_WARN_UNINITIALIZED_AUTOS = YES_AGGRESSIVE;
				GCC_WARN_UNUSED_FUNCTION = YES;
				GCC_WARN_UNUSED_VARIABLE = YES;
				IPHONEOS_DEPLOYMENT_TARGET = 8.0;
				METAL_ENABLE_DEBUG_INFO = NO;
				SDKROOT = iphoneos;
				TARGETED_DEVICE_FAMILY = "1,2";
				VALIDATE_PRODUCT = YES;
			};
			name = Release;
		};
		844659431A0A3C6B00DD426C /* Debug */ = {
			isa = XCBuildConfiguration;
			buildSettings = {
				ASSETCATALOG_COMPILER_APPICON_NAME = AppIcon;
				ASSETCATALOG_COMPILER_LAUNCHIMAGE_NAME = LaunchImage;
				FRAMEWORK_SEARCH_PATHS = (
					"$(inherited)",
					"$(PROJECT_DIR)/Frameworks",
				);
				INFOPLIST_FILE = "Food Drlivery/Info.plist";
				LD_RUNPATH_SEARCH_PATHS = "$(inherited) @executable_path/Frameworks";
				PRODUCT_NAME = "$(TARGET_NAME)";
			};
			name = Debug;
		};
		844659441A0A3C6B00DD426C /* Release */ = {
			isa = XCBuildConfiguration;
			buildSettings = {
				ASSETCATALOG_COMPILER_APPICON_NAME = AppIcon;
				ASSETCATALOG_COMPILER_LAUNCHIMAGE_NAME = LaunchImage;
				FRAMEWORK_SEARCH_PATHS = (
					"$(inherited)",
					"$(PROJECT_DIR)/Frameworks",
				);
				INFOPLIST_FILE = "Food Drlivery/Info.plist";
				LD_RUNPATH_SEARCH_PATHS = "$(inherited) @executable_path/Frameworks";
				PRODUCT_NAME = "$(TARGET_NAME)";
			};
			name = Release;
		};
		844659461A0A3C6B00DD426C /* Debug */ = {
			isa = XCBuildConfiguration;
			buildSettings = {
				BUNDLE_LOADER = "$(BUILT_PRODUCTS_DIR)/Food Drlivery.app/Food Drlivery";
				FRAMEWORK_SEARCH_PATHS = (
					"$(SDKROOT)/Developer/Library/Frameworks",
					"$(inherited)",
				);
				GCC_PREPROCESSOR_DEFINITIONS = (
					"DEBUG=1",
					"$(inherited)",
				);
				INFOPLIST_FILE = "Food DrliveryTests/Info.plist";
				LD_RUNPATH_SEARCH_PATHS = "$(inherited) @executable_path/Frameworks @loader_path/Frameworks";
				METAL_ENABLE_DEBUG_INFO = YES;
				PRODUCT_NAME = "$(TARGET_NAME)";
				TEST_HOST = "$(BUNDLE_LOADER)";
			};
			name = Debug;
		};
		844659471A0A3C6B00DD426C /* Release */ = {
			isa = XCBuildConfiguration;
			buildSettings = {
				BUNDLE_LOADER = "$(BUILT_PRODUCTS_DIR)/Food Drlivery.app/Food Drlivery";
				FRAMEWORK_SEARCH_PATHS = (
					"$(SDKROOT)/Developer/Library/Frameworks",
					"$(inherited)",
				);
				INFOPLIST_FILE = "Food DrliveryTests/Info.plist";
				LD_RUNPATH_SEARCH_PATHS = "$(inherited) @executable_path/Frameworks @loader_path/Frameworks";
				METAL_ENABLE_DEBUG_INFO = NO;
				PRODUCT_NAME = "$(TARGET_NAME)";
				TEST_HOST = "$(BUNDLE_LOADER)";
			};
			name = Release;
		};
/* End XCBuildConfiguration section */

/* Begin XCConfigurationList section */
		8446591A1A0A3C6A00DD426C /* Build configuration list for PBXProject "Food Drlivery" */ = {
			isa = XCConfigurationList;
			buildConfigurations = (
				844659401A0A3C6B00DD426C /* Debug */,
				844659411A0A3C6B00DD426C /* Release */,
			);
			defaultConfigurationIsVisible = 0;
			defaultConfigurationName = Release;
		};
		844659421A0A3C6B00DD426C /* Build configuration list for PBXNativeTarget "Food Drlivery" */ = {
			isa = XCConfigurationList;
			buildConfigurations = (
				844659431A0A3C6B00DD426C /* Debug */,
				844659441A0A3C6B00DD426C /* Release */,
			);
			defaultConfigurationIsVisible = 0;
			defaultConfigurationName = Release;
		};
		844659451A0A3C6B00DD426C /* Build configuration list for PBXNativeTarget "Food DrliveryTests" */ = {
			isa = XCConfigurationList;
			buildConfigurations = (
				844659461A0A3C6B00DD426C /* Debug */,
				844659471A0A3C6B00DD426C /* Release */,
			);
			defaultConfigurationIsVisible = 0;
			defaultConfigurationName = Release;
		};
/* End XCConfigurationList section */

/* Begin XCVersionGroup section */
		844659291A0A3C6A00DD426C /* Food_Drlivery.xcdatamodeld */ = {
			isa = XCVersionGroup;
			children = (
				8446592A1A0A3C6A00DD426C /* Food_Drlivery.xcdatamodel */,
			);
			currentVersion = 8446592A1A0A3C6A00DD426C /* Food_Drlivery.xcdatamodel */;
			path = Food_Drlivery.xcdatamodeld;
			sourceTree = "<group>";
			versionGroupType = wrapper.xcdatamodel;
		};
/* End XCVersionGroup section */
	};
	rootObject = 844659171A0A3C6A00DD426C /* Project object */;
}
